{
	"name": "@nishanths/zoom.js",
	"version": "4.0.0-alpha.0",
	"lockfileVersion": 2,
	"requires": true,
	"packages": {
		"": {
			"name": "@nishanths/zoom.js",
			"version": "4.0.0-alpha.0",
			"license": "MIT",
			"devDependencies": {
				"typescript-formatter": "^7.2.2"
			}
		},
		"node_modules/commander": {
			"version": "2.20.3",
			"resolved": "https://registry.npmjs.org/commander/-/commander-2.20.3.tgz",
			"integrity": "sha512-GpVkmM8vF2vQUkj2LvZmD35JxeJOLCwJ9cUkugyk2nuhbv3+mJvpLYYt+0+USMxE+oj+ey/lJEnhZw75x/OMcQ==",
			"dev": true
		},
		"node_modules/commandpost": {
			"version": "1.4.0",
			"resolved": "https://registry.npmjs.org/commandpost/-/commandpost-1.4.0.tgz",
			"integrity": "sha512-aE2Y4MTFJ870NuB/+2z1cXBhSBBzRydVVjzhFC4gtenEhpnj15yu0qptWGJsO9YGrcPZ3ezX8AWb1VA391MKpQ==",
			"dev": true
		},
		"node_modules/editorconfig": {
			"version": "0.15.3",
			"resolved": "https://registry.npmjs.org/editorconfig/-/editorconfig-0.15.3.tgz",
			"integrity": "sha512-M9wIMFx96vq0R4F+gRpY3o2exzb8hEj/n9S8unZtHSvYjibBp/iMufSzvmOcV/laG0ZtuTVGtiJggPOSW2r93g==",
			"dev": true,
			"dependencies": {
				"commander": "^2.19.0",
				"lru-cache": "^4.1.5",
				"semver": "^5.6.0",
				"sigmund": "^1.0.1"
			},
			"bin": {
				"editorconfig": "bin/editorconfig"
			}
		},
		"node_modules/lru-cache": {
			"version": "4.1.5",
			"resolved": "https://registry.npmjs.org/lru-cache/-/lru-cache-4.1.5.tgz",
			"integrity": "sha512-sWZlbEP2OsHNkXrMl5GYk/jKk70MBng6UU4YI/qGDYbgf6YbP4EvmqISbXCoJiRKs+1bSpFHVgQxvJ17F2li5g==",
			"dev": true,
			"dependencies": {
				"pseudomap": "^1.0.2",
				"yallist": "^2.1.2"
			}
		},
		"node_modules/pseudomap": {
			"version": "1.0.2",
			"resolved": "https://registry.npmjs.org/pseudomap/-/pseudomap-1.0.2.tgz",
			"integrity": "sha512-b/YwNhb8lk1Zz2+bXXpS/LK9OisiZZ1SNsSLxN1x2OXVEhW2Ckr/7mWE5vrC1ZTiJlD9g19jWszTmJsB+oEpFQ==",
			"dev": true
		},
		"node_modules/semver": {
			"version": "5.7.1",
			"resolved": "https://registry.npmjs.org/semver/-/semver-5.7.1.tgz",
			"integrity": "sha512-sauaDf/PZdVgrLTNYHRtpXa1iRiKcaebiKQ1BJdpQlWH2lCvexQdX55snPFyK7QzpudqbCI0qXFfOasHdyNDGQ==",
			"dev": true,
			"bin": {
				"semver": "bin/semver"
			}
		},
		"node_modules/sigmund": {
			"version": "1.0.1",
			"resolved": "https://registry.npmjs.org/sigmund/-/sigmund-1.0.1.tgz",
			"integrity": "sha512-fCvEXfh6NWpm+YSuY2bpXb/VIihqWA6hLsgboC+0nl71Q7N7o2eaCW8mJa/NLvQhs6jpd3VZV4UiUQlV6+lc8g==",
			"dev": true
		},
		"node_modules/typescript": {
			"version": "5.0.4",
			"resolved": "https://registry.npmjs.org/typescript/-/typescript-5.0.4.tgz",
			"integrity": "sha512-cW9T5W9xY37cc+jfEnaUvX91foxtHkza3Nw3wkoF4sSlKn0MONdkdEndig/qPBWXNkmplh3NzayQzCiHM4/hqw==",
			"dev": true,
			"peer": true,
			"bin": {
				"tsc": "bin/tsc",
				"tsserver": "bin/tsserver"
			},
			"engines": {
				"node": ">=12.20"
			}
		},
		"node_modules/typescript-formatter": {
			"version": "7.2.2",
			"resolved": "https://registry.npmjs.org/typescript-formatter/-/typescript-formatter-7.2.2.tgz",
			"integrity": "sha512-V7vfI9XArVhriOTYHPzMU2WUnm5IMdu9X/CPxs8mIMGxmTBFpDABlbkBka64PZJ9/xgQeRpK8KzzAG4MPzxBDQ==",
			"dev": true,
			"dependencies": {
				"commandpost": "^1.0.0",
				"editorconfig": "^0.15.0"
			},
			"bin": {
				"tsfmt": "bin/tsfmt"
			},
			"engines": {
				"node": ">= 4.2.0"
			},
			"peerDependencies": {
				"typescript": "^2.1.6 || >=2.7.0-dev || >=2.8.0-dev || >=2.9.0-dev || >=3.0.0-dev"
			}
		},
		"node_modules/yallist": {
			"version": "2.1.2",
			"resolved": "https://registry.npmjs.org/yallist/-/yallist-2.1.2.tgz",
			"integrity": "sha512-ncTzHV7NvsQZkYe1DW7cbDLm0YpzHmZF5r/iyP3ZnQtMiJ+pjzisCiMNI+Sj+xQF5pXhSHxSB3uDbsBTzY/c2A==",
			"dev": true
		}
	},
	"dependencies": {
		"commander": {
			"version": "2.20.3",
			"resolved": "https://registry.npmjs.org/commander/-/commander-2.20.3.tgz",
			"integrity": "sha512-GpVkmM8vF2vQUkj2LvZmD35JxeJOLCwJ9cUkugyk2nuhbv3+mJvpLYYt+0+USMxE+oj+ey/lJEnhZw75x/OMcQ==",
			"dev": true
		},
		"commandpost": {
			"version": "1.4.0",
			"resolved": "https://registry.npmjs.org/commandpost/-/commandpost-1.4.0.tgz",
			"integrity": "sha512-aE2Y4MTFJ870NuB/+2z1cXBhSBBzRydVVjzhFC4gtenEhpnj15yu0qptWGJsO9YGrcPZ3ezX8AWb1VA391MKpQ==",
			"dev": true
		},
		"editorconfig": {
			"version": "0.15.3",
			"resolved": "https://registry.npmjs.org/editorconfig/-/editorconfig-0.15.3.tgz",
			"integrity": "sha512-M9wIMFx96vq0R4F+gRpY3o2exzb8hEj/n9S8unZtHSvYjibBp/iMufSzvmOcV/laG0ZtuTVGtiJggPOSW2r93g==",
			"dev": true,
			"requires": {
				"commander": "^2.19.0",
				"lru-cache": "^4.1.5",
				"semver": "^5.6.0",
				"sigmund": "^1.0.1"
			}
		},
		"lru-cache": {
			"version": "4.1.5",
			"resolved": "https://registry.npmjs.org/lru-cache/-/lru-cache-4.1.5.tgz",
			"integrity": "sha512-sWZlbEP2OsHNkXrMl5GYk/jKk70MBng6UU4YI/qGDYbgf6YbP4EvmqISbXCoJiRKs+1bSpFHVgQxvJ17F2li5g==",
			"dev": true,
			"requires": {
				"pseudomap": "^1.0.2",
				"yallist": "^2.1.2"
			}
		},
		"pseudomap": {
			"version": "1.0.2",
			"resolved": "https://registry.npmjs.org/pseudomap/-/pseudomap-1.0.2.tgz",
			"integrity": "sha512-b/YwNhb8lk1Zz2+bXXpS/LK9OisiZZ1SNsSLxN1x2OXVEhW2Ckr/7mWE5vrC1ZTiJlD9g19jWszTmJsB+oEpFQ==",
			"dev": true
		},
		"semver": {
			"version": "5.7.1",
			"resolved": "https://registry.npmjs.org/semver/-/semver-5.7.1.tgz",
			"integrity": "sha512-sauaDf/PZdVgrLTNYHRtpXa1iRiKcaebiKQ1BJdpQlWH2lCvexQdX55snPFyK7QzpudqbCI0qXFfOasHdyNDGQ==",
			"dev": true
		},
		"sigmund": {
			"version": "1.0.1",
			"resolved": "https://registry.npmjs.org/sigmund/-/sigmund-1.0.1.tgz",
			"integrity": "sha512-fCvEXfh6NWpm+YSuY2bpXb/VIihqWA6hLsgboC+0nl71Q7N7o2eaCW8mJa/NLvQhs6jpd3VZV4UiUQlV6+lc8g==",
			"dev": true
		},
		"typescript": {
			"version": "5.0.4",
			"resolved": "https://registry.npmjs.org/typescript/-/typescript-5.0.4.tgz",
			"integrity": "sha512-cW9T5W9xY37cc+jfEnaUvX91foxtHkza3Nw3wkoF4sSlKn0MONdkdEndig/qPBWXNkmplh3NzayQzCiHM4/hqw==",
			"dev": true,
			"peer": true
		},
		"typescript-formatter": {
			"version": "7.2.2",
			"resolved": "https://registry.npmjs.org/typescript-formatter/-/typescript-formatter-7.2.2.tgz",
			"integrity": "sha512-V7vfI9XArVhriOTYHPzMU2WUnm5IMdu9X/CPxs8mIMGxmTBFpDABlbkBka64PZJ9/xgQeRpK8KzzAG4MPzxBDQ==",
			"dev": true,
			"requires": {
				"commandpost": "^1.0.0",
				"editorconfig": "^0.15.0"
			}
		},
		"yallist": {
			"version": "2.1.2",
			"resolved": "https://registry.npmjs.org/yallist/-/yallist-2.1.2.tgz",
			"integrity": "sha512-ncTzHV7NvsQZkYe1DW7cbDLm0YpzHmZF5r/iyP3ZnQtMiJ+pjzisCiMNI+Sj+xQF5pXhSHxSB3uDbsBTzY/c2A==",
			"dev": true
		}
	}
}
